
Microsoft Visual Studio Solution File, Format Version 12.00
# Visual Studio 2012
Project("{2150E333-8FDC-42A3-9474-1A3956D46DE8}") = "Fx4.0-Server", "Fx4.0-Server", "{B54B127C-AEAF-4E5E-A97F-216148355C54}"
EndProject
Project("{2150E333-8FDC-42A3-9474-1A3956D46DE8}") = "WinForm-Client", "WinForm-Client", "{FD7F636F-0D06-4107-ABCF-13B247B9B4E8}"
EndProject
Project("{FAE04EC0-301F-11D3-BF4B-00C04F79EFBC}") = "HYMes.BLL.Contracts", "HYMes.BLL.Contracts\HYMes.BLL.Contracts.csproj", "{DFD8DA98-9A91-41C6-B39F-8FE52DA44E65}"
EndProject
Project("{FAE04EC0-301F-11D3-BF4B-00C04F79EFBC}") = "HYMes.BLL.Host", "HYMes.BLL.Host\HYMes.BLL.Host.csproj", "{C91781FA-A608-45CC-A347-5CE71D008303}"
EndProject
Project("{FAE04EC0-301F-11D3-BF4B-00C04F79EFBC}") = "HYMes.Entities", "HYMes.Entities\HYMes.Entities.csproj", "{5E280AEC-4B68-4A39-9ECD-C67C5B7CA726}"
EndProject
Project("{FAE04EC0-301F-11D3-BF4B-00C04F79EFBC}") = "HYMes.Main", "HYMes.Main\HYMes.Main.csproj", "{0607A33A-D9F7-4712-9479-714B1FC3EBBC}"
EndProject
Project("{FAE04EC0-301F-11D3-BF4B-00C04F79EFBC}") = "HYMes.Res", "HYMes.Res\HYMes.Res.csproj", "{79BA4B91-59A0-4D1A-851B-89D6DFAF5FDF}"
EndProject
Project("{FAE04EC0-301F-11D3-BF4B-00C04F79EFBC}") = "HYMes.AppStart", "HYMes.AppStart\HYMes.AppStart.csproj", "{DB3CDF1F-81D0-4EE2-88EC-A81FD2F173E3}"
EndProject
Project("{FAE04EC0-301F-11D3-BF4B-00C04F79EFBC}") = "HYMes.WinUI.Tracking", "HYMes.UI.Tracking\HYMes.WinUI.Tracking.csproj", "{9059CB45-C6F0-4A99-B954-05FA63289D37}"
EndProject
Project("{FAE04EC0-301F-11D3-BF4B-00C04F79EFBC}") = "HYMes.WinUI.BRM", "HYMes.UI.BRM\HYMes.WinUI.BRM.csproj", "{2E9F3FA6-B3BB-45F4-8712-C7EF4A82CE6A}"
EndProject
Project("{FAE04EC0-301F-11D3-BF4B-00C04F79EFBC}") = "HYMes.Tools", "HYMes.Tools\HYMes.Tools.csproj", "{CE6A8DD6-4199-4AA3-9D08-858C8E94F222}"
EndProject
Project("{FAE04EC0-301F-11D3-BF4B-00C04F79EFBC}") = "HYMes.WinUI.BaseControl", "HYMes.WinUI.BaseControl\HYMes.WinUI.BaseControl.csproj", "{B948917D-1936-4F8D-9F58-9F045D267CCD}"
EndProject
Project("{FAE04EC0-301F-11D3-BF4B-00C04F79EFBC}") = "HYMes.WinUI.BaseForm", "HYMes.WinUI.BaseForm\HYMes.WinUI.BaseForm.csproj", "{F5C3852B-90E7-4D18-B38D-6064B33366A8}"
EndProject
Project("{FAE04EC0-301F-11D3-BF4B-00C04F79EFBC}") = "HYMes.ClientInfo", "HYMes.ClientInfo\HYMes.ClientInfo.csproj", "{A9FD5464-ECEE-48A7-8384-2AB602471965}"
EndProject
Global
	GlobalSection(SolutionConfigurationPlatforms) = preSolution
		Debug|Any CPU = Debug|Any CPU
		Debug|Mixed Platforms = Debug|Mixed Platforms
		Debug|x86 = Debug|x86
		Release|Any CPU = Release|Any CPU
		Release|Mixed Platforms = Release|Mixed Platforms
		Release|x86 = Release|x86
	EndGlobalSection
	GlobalSection(ProjectConfigurationPlatforms) = postSolution
		{DFD8DA98-9A91-41C6-B39F-8FE52DA44E65}.Debug|Any CPU.ActiveCfg = Debug|Any CPU
		{DFD8DA98-9A91-41C6-B39F-8FE52DA44E65}.Debug|Any CPU.Build.0 = Debug|Any CPU
		{DFD8DA98-9A91-41C6-B39F-8FE52DA44E65}.Debug|Mixed Platforms.ActiveCfg = Debug|Any CPU
		{DFD8DA98-9A91-41C6-B39F-8FE52DA44E65}.Debug|Mixed Platforms.Build.0 = Debug|Any CPU
		{DFD8DA98-9A91-41C6-B39F-8FE52DA44E65}.Debug|x86.ActiveCfg = Debug|Any CPU
		{DFD8DA98-9A91-41C6-B39F-8FE52DA44E65}.Release|Any CPU.ActiveCfg = Release|Any CPU
		{DFD8DA98-9A91-41C6-B39F-8FE52DA44E65}.Release|Any CPU.Build.0 = Release|Any CPU
		{DFD8DA98-9A91-41C6-B39F-8FE52DA44E65}.Release|Mixed Platforms.ActiveCfg = Release|Any CPU
		{DFD8DA98-9A91-41C6-B39F-8FE52DA44E65}.Release|Mixed Platforms.Build.0 = Release|Any CPU
		{DFD8DA98-9A91-41C6-B39F-8FE52DA44E65}.Release|x86.ActiveCfg = Release|Any CPU
		{C91781FA-A608-45CC-A347-5CE71D008303}.Debug|Any CPU.ActiveCfg = Debug|Any CPU
		{C91781FA-A608-45CC-A347-5CE71D008303}.Debug|Any CPU.Build.0 = Debug|Any CPU
		{C91781FA-A608-45CC-A347-5CE71D008303}.Debug|Mixed Platforms.ActiveCfg = Debug|Any CPU
		{C91781FA-A608-45CC-A347-5CE71D008303}.Debug|Mixed Platforms.Build.0 = Debug|Any CPU
		{C91781FA-A608-45CC-A347-5CE71D008303}.Debug|x86.ActiveCfg = Debug|Any CPU
		{C91781FA-A608-45CC-A347-5CE71D008303}.Release|Any CPU.ActiveCfg = Release|Any CPU
		{C91781FA-A608-45CC-A347-5CE71D008303}.Release|Any CPU.Build.0 = Release|Any CPU
		{C91781FA-A608-45CC-A347-5CE71D008303}.Release|Mixed Platforms.ActiveCfg = Release|Any CPU
		{C91781FA-A608-45CC-A347-5CE71D008303}.Release|Mixed Platforms.Build.0 = Release|Any CPU
		{C91781FA-A608-45CC-A347-5CE71D008303}.Release|x86.ActiveCfg = Release|Any CPU
		{5E280AEC-4B68-4A39-9ECD-C67C5B7CA726}.Debug|Any CPU.ActiveCfg = Debug|Any CPU
		{5E280AEC-4B68-4A39-9ECD-C67C5B7CA726}.Debug|Any CPU.Build.0 = Debug|Any CPU
		{5E280AEC-4B68-4A39-9ECD-C67C5B7CA726}.Debug|Mixed Platforms.ActiveCfg = Debug|Any CPU
		{5E280AEC-4B68-4A39-9ECD-C67C5B7CA726}.Debug|Mixed Platforms.Build.0 = Debug|Any CPU
		{5E280AEC-4B68-4A39-9ECD-C67C5B7CA726}.Debug|x86.ActiveCfg = Debug|Any CPU
		{5E280AEC-4B68-4A39-9ECD-C67C5B7CA726}.Release|Any CPU.ActiveCfg = Release|Any CPU
		{5E280AEC-4B68-4A39-9ECD-C67C5B7CA726}.Release|Any CPU.Build.0 = Release|Any CPU
		{5E280AEC-4B68-4A39-9ECD-C67C5B7CA726}.Release|Mixed Platforms.ActiveCfg = Release|Any CPU
		{5E280AEC-4B68-4A39-9ECD-C67C5B7CA726}.Release|Mixed Platforms.Build.0 = Release|Any CPU
		{5E280AEC-4B68-4A39-9ECD-C67C5B7CA726}.Release|x86.ActiveCfg = Release|Any CPU
		{0607A33A-D9F7-4712-9479-714B1FC3EBBC}.Debug|Any CPU.ActiveCfg = Debug|Any CPU
		{0607A33A-D9F7-4712-9479-714B1FC3EBBC}.Debug|Any CPU.Build.0 = Debug|Any CPU
		{0607A33A-D9F7-4712-9479-714B1FC3EBBC}.Debug|Mixed Platforms.ActiveCfg = Debug|Any CPU
		{0607A33A-D9F7-4712-9479-714B1FC3EBBC}.Debug|Mixed Platforms.Build.0 = Debug|Any CPU
		{0607A33A-D9F7-4712-9479-714B1FC3EBBC}.Debug|x86.ActiveCfg = Debug|Any CPU
		{0607A33A-D9F7-4712-9479-714B1FC3EBBC}.Release|Any CPU.ActiveCfg = Release|Any CPU
		{0607A33A-D9F7-4712-9479-714B1FC3EBBC}.Release|Any CPU.Build.0 = Release|Any CPU
		{0607A33A-D9F7-4712-9479-714B1FC3EBBC}.Release|Mixed Platforms.ActiveCfg = Release|Any CPU
		{0607A33A-D9F7-4712-9479-714B1FC3EBBC}.Release|Mixed Platforms.Build.0 = Release|Any CPU
		{0607A33A-D9F7-4712-9479-714B1FC3EBBC}.Release|x86.ActiveCfg = Release|Any CPU
		{79BA4B91-59A0-4D1A-851B-89D6DFAF5FDF}.Debug|Any CPU.ActiveCfg = Debug|Any CPU
		{79BA4B91-59A0-4D1A-851B-89D6DFAF5FDF}.Debug|Any CPU.Build.0 = Debug|Any CPU
		{79BA4B91-59A0-4D1A-851B-89D6DFAF5FDF}.Debug|Mixed Platforms.ActiveCfg = Debug|Any CPU
		{79BA4B91-59A0-4D1A-851B-89D6DFAF5FDF}.Debug|Mixed Platforms.Build.0 = Debug|Any CPU
		{79BA4B91-59A0-4D1A-851B-89D6DFAF5FDF}.Debug|x86.ActiveCfg = Debug|Any CPU
		{79BA4B91-59A0-4D1A-851B-89D6DFAF5FDF}.Release|Any CPU.ActiveCfg = Release|Any CPU
		{79BA4B91-59A0-4D1A-851B-89D6DFAF5FDF}.Release|Any CPU.Build.0 = Release|Any CPU
		{79BA4B91-59A0-4D1A-851B-89D6DFAF5FDF}.Release|Mixed Platforms.ActiveCfg = Release|Any CPU
		{79BA4B91-59A0-4D1A-851B-89D6DFAF5FDF}.Release|Mixed Platforms.Build.0 = Release|Any CPU
		{79BA4B91-59A0-4D1A-851B-89D6DFAF5FDF}.Release|x86.ActiveCfg = Release|Any CPU
		{DB3CDF1F-81D0-4EE2-88EC-A81FD2F173E3}.Debug|Any CPU.ActiveCfg = Debug|Any CPU
		{DB3CDF1F-81D0-4EE2-88EC-A81FD2F173E3}.Debug|Any CPU.Build.0 = Debug|Any CPU
		{DB3CDF1F-81D0-4EE2-88EC-A81FD2F173E3}.Debug|Mixed Platforms.ActiveCfg = Debug|Any CPU
		{DB3CDF1F-81D0-4EE2-88EC-A81FD2F173E3}.Debug|Mixed Platforms.Build.0 = Debug|Any CPU
		{DB3CDF1F-81D0-4EE2-88EC-A81FD2F173E3}.Debug|x86.ActiveCfg = Debug|Any CPU
		{DB3CDF1F-81D0-4EE2-88EC-A81FD2F173E3}.Release|Any CPU.ActiveCfg = Release|Any CPU
		{DB3CDF1F-81D0-4EE2-88EC-A81FD2F173E3}.Release|Any CPU.Build.0 = Release|Any CPU
		{DB3CDF1F-81D0-4EE2-88EC-A81FD2F173E3}.Release|Mixed Platforms.ActiveCfg = Release|Any CPU
		{DB3CDF1F-81D0-4EE2-88EC-A81FD2F173E3}.Release|Mixed Platforms.Build.0 = Release|Any CPU
		{DB3CDF1F-81D0-4EE2-88EC-A81FD2F173E3}.Release|x86.ActiveCfg = Release|Any CPU
		{9059CB45-C6F0-4A99-B954-05FA63289D37}.Debug|Any CPU.ActiveCfg = Debug|Any CPU
		{9059CB45-C6F0-4A99-B954-05FA63289D37}.Debug|Any CPU.Build.0 = Debug|Any CPU
		{9059CB45-C6F0-4A99-B954-05FA63289D37}.Debug|Mixed Platforms.ActiveCfg = Debug|Any CPU
		{9059CB45-C6F0-4A99-B954-05FA63289D37}.Debug|Mixed Platforms.Build.0 = Debug|Any CPU
		{9059CB45-C6F0-4A99-B954-05FA63289D37}.Debug|x86.ActiveCfg = Debug|Any CPU
		{9059CB45-C6F0-4A99-B954-05FA63289D37}.Release|Any CPU.ActiveCfg = Release|Any CPU
		{9059CB45-C6F0-4A99-B954-05FA63289D37}.Release|Any CPU.Build.0 = Release|Any CPU
		{9059CB45-C6F0-4A99-B954-05FA63289D37}.Release|Mixed Platforms.ActiveCfg = Release|Any CPU
		{9059CB45-C6F0-4A99-B954-05FA63289D37}.Release|Mixed Platforms.Build.0 = Release|Any CPU
		{9059CB45-C6F0-4A99-B954-05FA63289D37}.Release|x86.ActiveCfg = Release|Any CPU
		{2E9F3FA6-B3BB-45F4-8712-C7EF4A82CE6A}.Debug|Any CPU.ActiveCfg = Debug|Any CPU
		{2E9F3FA6-B3BB-45F4-8712-C7EF4A82CE6A}.Debug|Any CPU.Build.0 = Debug|Any CPU
		{2E9F3FA6-B3BB-45F4-8712-C7EF4A82CE6A}.Debug|Mixed Platforms.ActiveCfg = Debug|Any CPU
		{2E9F3FA6-B3BB-45F4-8712-C7EF4A82CE6A}.Debug|Mixed Platforms.Build.0 = Debug|Any CPU
		{2E9F3FA6-B3BB-45F4-8712-C7EF4A82CE6A}.Debug|x86.ActiveCfg = Debug|Any CPU
		{2E9F3FA6-B3BB-45F4-8712-C7EF4A82CE6A}.Release|Any CPU.ActiveCfg = Release|Any CPU
		{2E9F3FA6-B3BB-45F4-8712-C7EF4A82CE6A}.Release|Any CPU.Build.0 = Release|Any CPU
		{2E9F3FA6-B3BB-45F4-8712-C7EF4A82CE6A}.Release|Mixed Platforms.ActiveCfg = Release|Any CPU
		{2E9F3FA6-B3BB-45F4-8712-C7EF4A82CE6A}.Release|Mixed Platforms.Build.0 = Release|Any CPU
		{2E9F3FA6-B3BB-45F4-8712-C7EF4A82CE6A}.Release|x86.ActiveCfg = Release|Any CPU
		{CE6A8DD6-4199-4AA3-9D08-858C8E94F222}.Debug|Any CPU.ActiveCfg = Debug|Any CPU
		{CE6A8DD6-4199-4AA3-9D08-858C8E94F222}.Debug|Any CPU.Build.0 = Debug|Any CPU
		{CE6A8DD6-4199-4AA3-9D08-858C8E94F222}.Debug|Mixed Platforms.ActiveCfg = Debug|Any CPU
		{CE6A8DD6-4199-4AA3-9D08-858C8E94F222}.Debug|Mixed Platforms.Build.0 = Debug|Any CPU
		{CE6A8DD6-4199-4AA3-9D08-858C8E94F222}.Debug|x86.ActiveCfg = Debug|Any CPU
		{CE6A8DD6-4199-4AA3-9D08-858C8E94F222}.Release|Any CPU.ActiveCfg = Release|Any CPU
		{CE6A8DD6-4199-4AA3-9D08-858C8E94F222}.Release|Any CPU.Build.0 = Release|Any CPU
		{CE6A8DD6-4199-4AA3-9D08-858C8E94F222}.Release|Mixed Platforms.ActiveCfg = Release|Any CPU
		{CE6A8DD6-4199-4AA3-9D08-858C8E94F222}.Release|Mixed Platforms.Build.0 = Release|Any CPU
		{CE6A8DD6-4199-4AA3-9D08-858C8E94F222}.Release|x86.ActiveCfg = Release|Any CPU
		{B948917D-1936-4F8D-9F58-9F045D267CCD}.Debug|Any CPU.ActiveCfg = Debug|Any CPU
		{B948917D-1936-4F8D-9F58-9F045D267CCD}.Debug|Any CPU.Build.0 = Debug|Any CPU
		{B948917D-1936-4F8D-9F58-9F045D267CCD}.Debug|Mixed Platforms.ActiveCfg = Debug|Any CPU
		{B948917D-1936-4F8D-9F58-9F045D267CCD}.Debug|Mixed Platforms.Build.0 = Debug|Any CPU
		{B948917D-1936-4F8D-9F58-9F045D267CCD}.Debug|x86.ActiveCfg = Debug|Any CPU
		{B948917D-1936-4F8D-9F58-9F045D267CCD}.Release|Any CPU.ActiveCfg = Release|Any CPU
		{B948917D-1936-4F8D-9F58-9F045D267CCD}.Release|Any CPU.Build.0 = Release|Any CPU
		{B948917D-1936-4F8D-9F58-9F045D267CCD}.Release|Mixed Platforms.ActiveCfg = Release|Any CPU
		{B948917D-1936-4F8D-9F58-9F045D267CCD}.Release|Mixed Platforms.Build.0 = Release|Any CPU
		{B948917D-1936-4F8D-9F58-9F045D267CCD}.Release|x86.ActiveCfg = Release|Any CPU
		{F5C3852B-90E7-4D18-B38D-6064B33366A8}.Debug|Any CPU.ActiveCfg = Debug|Any CPU
		{F5C3852B-90E7-4D18-B38D-6064B33366A8}.Debug|Any CPU.Build.0 = Debug|Any CPU
		{F5C3852B-90E7-4D18-B38D-6064B33366A8}.Debug|Mixed Platforms.ActiveCfg = Debug|Any CPU
		{F5C3852B-90E7-4D18-B38D-6064B33366A8}.Debug|Mixed Platforms.Build.0 = Debug|Any CPU
		{F5C3852B-90E7-4D18-B38D-6064B33366A8}.Debug|x86.ActiveCfg = Debug|Any CPU
		{F5C3852B-90E7-4D18-B38D-6064B33366A8}.Release|Any CPU.ActiveCfg = Release|Any CPU
		{F5C3852B-90E7-4D18-B38D-6064B33366A8}.Release|Any CPU.Build.0 = Release|Any CPU
		{F5C3852B-90E7-4D18-B38D-6064B33366A8}.Release|Mixed Platforms.ActiveCfg = Release|Any CPU
		{F5C3852B-90E7-4D18-B38D-6064B33366A8}.Release|Mixed Platforms.Build.0 = Release|Any CPU
		{F5C3852B-90E7-4D18-B38D-6064B33366A8}.Release|x86.ActiveCfg = Release|Any CPU
		{A9FD5464-ECEE-48A7-8384-2AB602471965}.Debug|Any CPU.ActiveCfg = Debug|Any CPU
		{A9FD5464-ECEE-48A7-8384-2AB602471965}.Debug|Any CPU.Build.0 = Debug|Any CPU
		{A9FD5464-ECEE-48A7-8384-2AB602471965}.Debug|Mixed Platforms.ActiveCfg = Debug|Any CPU
		{A9FD5464-ECEE-48A7-8384-2AB602471965}.Debug|Mixed Platforms.Build.0 = Debug|Any CPU
		{A9FD5464-ECEE-48A7-8384-2AB602471965}.Debug|x86.ActiveCfg = Debug|Any CPU
		{A9FD5464-ECEE-48A7-8384-2AB602471965}.Release|Any CPU.ActiveCfg = Release|Any CPU
		{A9FD5464-ECEE-48A7-8384-2AB602471965}.Release|Any CPU.Build.0 = Release|Any CPU
		{A9FD5464-ECEE-48A7-8384-2AB602471965}.Release|Mixed Platforms.ActiveCfg = Release|Any CPU
		{A9FD5464-ECEE-48A7-8384-2AB602471965}.Release|Mixed Platforms.Build.0 = Release|Any CPU
		{A9FD5464-ECEE-48A7-8384-2AB602471965}.Release|x86.ActiveCfg = Release|Any CPU
	EndGlobalSection
	GlobalSection(SolutionProperties) = preSolution
		HideSolutionNode = FALSE
	EndGlobalSection
	GlobalSection(NestedProjects) = preSolution
		{DFD8DA98-9A91-41C6-B39F-8FE52DA44E65} = {B54B127C-AEAF-4E5E-A97F-216148355C54}
		{C91781FA-A608-45CC-A347-5CE71D008303} = {B54B127C-AEAF-4E5E-A97F-216148355C54}
		{5E280AEC-4B68-4A39-9ECD-C67C5B7CA726} = {B54B127C-AEAF-4E5E-A97F-216148355C54}
		{0607A33A-D9F7-4712-9479-714B1FC3EBBC} = {FD7F636F-0D06-4107-ABCF-13B247B9B4E8}
		{79BA4B91-59A0-4D1A-851B-89D6DFAF5FDF} = {FD7F636F-0D06-4107-ABCF-13B247B9B4E8}
		{DB3CDF1F-81D0-4EE2-88EC-A81FD2F173E3} = {FD7F636F-0D06-4107-ABCF-13B247B9B4E8}
		{9059CB45-C6F0-4A99-B954-05FA63289D37} = {FD7F636F-0D06-4107-ABCF-13B247B9B4E8}
		{2E9F3FA6-B3BB-45F4-8712-C7EF4A82CE6A} = {FD7F636F-0D06-4107-ABCF-13B247B9B4E8}
		{CE6A8DD6-4199-4AA3-9D08-858C8E94F222} = {FD7F636F-0D06-4107-ABCF-13B247B9B4E8}
		{B948917D-1936-4F8D-9F58-9F045D267CCD} = {FD7F636F-0D06-4107-ABCF-13B247B9B4E8}
		{F5C3852B-90E7-4D18-B38D-6064B33366A8} = {FD7F636F-0D06-4107-ABCF-13B247B9B4E8}
		{A9FD5464-ECEE-48A7-8384-2AB602471965} = {FD7F636F-0D06-4107-ABCF-13B247B9B4E8}
	EndGlobalSection
EndGlobal
